Microsoft Visual Studio Solution File, Format Version 8.00
Project("{8BC9CEB8-8B4A-11D0-8D11-00A0C91BC942}") = "MinigameSample", "MinigameSample.vcproj", "{DD840841-8EAC-4A46-8E03-19E39FB43AFD}"
	ProjectSection(ProjectDependencies) = postProject
	EndProjectSection
EndProject
Global
	GlobalSection(SolutionConfiguration) = preSolution
		Debug = Debug
		Release = Release
	EndGlobalSection
	GlobalSection(ProjectConfiguration) = postSolution
		{DD840841-8EAC-4A46-8E03-19E39FB43AFD}.Debug.ActiveCfg = Debug|Win32
		{DD840841-8EAC-4A46-8E03-19E39FB43AFD}.Debug.Build.0 = Debug|Win32
		{DD840841-8EAC-4A46-8E03-19E39FB43AFD}.Release.ActiveCfg = Release|Win32
		{DD840841-8EAC-4A46-8E03-19E39FB43AFD}.Release.Build.0 = Release|Win32
	EndGlobalSection
	GlobalSection(ExtensibilityGlobals) = postSolution
	EndGlobalSection
	GlobalSection(ExtensibilityAddIns) = postSolution
	EndGlobalSection
EndGlobal
