Microsoft Visual Studio Solution File, Format Version 8.00
Project("{8BC9CEB8-8B4A-11D0-8D11-00A0C91BC942}") = "example", "example.vcproj", "{0103C079-11DA-4AE4-B2B0-63962A35FB72}"
	ProjectSection(ProjectDependencies) = postProject
		{0EE278E1-A510-4092-AE5D-ECD9739598BD} = {0EE278E1-A510-4092-AE5D-ECD9739598BD}
	EndProjectSection
EndProject
Project("{8BC9CEB8-8B4A-11D0-8D11-00A0C91BC942}") = "minigzip", "minigzip.vcproj", "{C61C1255-97D9-4D9C-A0FC-C915B9C2297B}"
	ProjectSection(ProjectDependencies) = postProject
		{0EE278E1-A510-4092-AE5D-ECD9739598BD} = {0EE278E1-A510-4092-AE5D-ECD9739598BD}
	EndProjectSection
EndProject
Project("{8BC9CEB8-8B4A-11D0-8D11-00A0C91BC942}") = "zlib", "zlib.vcproj", "{0EE278E1-A510-4092-AE5D-ECD9739598BD}"
	ProjectSection(ProjectDependencies) = postProject
	EndProjectSection
EndProject
Global
	GlobalSection(SolutionConfiguration) = preSolution
		DLL ASM Debug = DLL ASM Debug
		DLL ASM Release = DLL ASM Release
		DLL Debug = DLL Debug
		DLL Release = DLL Release
		LIB ASM Debug = LIB ASM Debug
		LIB ASM Release = LIB ASM Release
		LIB Debug = LIB Debug
		LIB Release = LIB Release
	EndGlobalSection
	GlobalSection(ProjectConfiguration) = postSolution
		{0103C079-11DA-4AE4-B2B0-63962A35FB72}.DLL ASM Debug.ActiveCfg = DLL ASM Debug|Win32
		{0103C079-11DA-4AE4-B2B0-63962A35FB72}.DLL ASM Debug.Build.0 = DLL ASM Debug|Win32
		{0103C079-11DA-4AE4-B2B0-63962A35FB72}.DLL ASM Release.ActiveCfg = DLL ASM Release|Win32
		{0103C079-11DA-4AE4-B2B0-63962A35FB72}.DLL ASM Release.Build.0 = DLL ASM Release|Win32
		{0103C079-11DA-4AE4-B2B0-63962A35FB72}.DLL Debug.ActiveCfg = DLL Debug|Win32
		{0103C079-11DA-4AE4-B2B0-63962A35FB72}.DLL Debug.Build.0 = DLL Debug|Win32
		{0103C079-11DA-4AE4-B2B0-63962A35FB72}.DLL Release.ActiveCfg = DLL Release|Win32
		{0103C079-11DA-4AE4-B2B0-63962A35FB72}.DLL Release.Build.0 = DLL Release|Win32
		{0103C079-11DA-4AE4-B2B0-63962A35FB72}.LIB ASM Debug.ActiveCfg = LIB ASM Debug|Win32
		{0103C079-11DA-4AE4-B2B0-63962A35FB72}.LIB ASM Debug.Build.0 = LIB ASM Debug|Win32
		{0103C079-11DA-4AE4-B2B0-63962A35FB72}.LIB ASM Release.ActiveCfg = LIB ASM Release|Win32
		{0103C079-11DA-4AE4-B2B0-63962A35FB72}.LIB ASM Release.Build.0 = LIB ASM Release|Win32
		{0103C079-11DA-4AE4-B2B0-63962A35FB72}.LIB Debug.ActiveCfg = LIB Debug|Win32
		{0103C079-11DA-4AE4-B2B0-63962A35FB72}.LIB Debug.Build.0 = LIB Debug|Win32
		{0103C079-11DA-4AE4-B2B0-63962A35FB72}.LIB Release.ActiveCfg = LIB Release|Win32
		{0103C079-11DA-4AE4-B2B0-63962A35FB72}.LIB Release.Build.0 = LIB Release|Win32
		{C61C1255-97D9-4D9C-A0FC-C915B9C2297B}.DLL ASM Debug.ActiveCfg = DLL ASM Debug|Win32
		{C61C1255-97D9-4D9C-A0FC-C915B9C2297B}.DLL ASM Debug.Build.0 = DLL ASM Debug|Win32
		{C61C1255-97D9-4D9C-A0FC-C915B9C2297B}.DLL ASM Release.ActiveCfg = DLL ASM Release|Win32
		{C61C1255-97D9-4D9C-A0FC-C915B9C2297B}.DLL ASM Release.Build.0 = DLL ASM Release|Win32
		{C61C1255-97D9-4D9C-A0FC-C915B9C2297B}.DLL Debug.ActiveCfg = DLL Debug|Win32
		{C61C1255-97D9-4D9C-A0FC-C915B9C2297B}.DLL Debug.Build.0 = DLL Debug|Win32
		{C61C1255-97D9-4D9C-A0FC-C915B9C2297B}.DLL Release.ActiveCfg = DLL Release|Win32
		{C61C1255-97D9-4D9C-A0FC-C915B9C2297B}.DLL Release.Build.0 = DLL Release|Win32
		{C61C1255-97D9-4D9C-A0FC-C915B9C2297B}.LIB ASM Debug.ActiveCfg = LIB ASM Debug|Win32
		{C61C1255-97D9-4D9C-A0FC-C915B9C2297B}.LIB ASM Debug.Build.0 = LIB ASM Debug|Win32
		{C61C1255-97D9-4D9C-A0FC-C915B9C2297B}.LIB ASM Release.ActiveCfg = LIB ASM Release|Win32
		{C61C1255-97D9-4D9C-A0FC-C915B9C2297B}.LIB ASM Release.Build.0 = LIB ASM Release|Win32
		{C61C1255-97D9-4D9C-A0FC-C915B9C2297B}.LIB Debug.ActiveCfg = LIB Debug|Win32
		{C61C1255-97D9-4D9C-A0FC-C915B9C2297B}.LIB Debug.Build.0 = LIB Debug|Win32
		{C61C1255-97D9-4D9C-A0FC-C915B9C2297B}.LIB Release.ActiveCfg = LIB Release|Win32
		{C61C1255-97D9-4D9C-A0FC-C915B9C2297B}.LIB Release.Build.0 = LIB Release|Win32
		{0EE278E1-A510-4092-AE5D-ECD9739598BD}.DLL ASM Debug.ActiveCfg = DLL ASM Debug|Win32
		{0EE278E1-A510-4092-AE5D-ECD9739598BD}.DLL ASM Debug.Build.0 = DLL ASM Debug|Win32
		{0EE278E1-A510-4092-AE5D-ECD9739598BD}.DLL ASM Release.ActiveCfg = DLL ASM Release|Win32
		{0EE278E1-A510-4092-AE5D-ECD9739598BD}.DLL ASM Release.Build.0 = DLL ASM Release|Win32
		{0EE278E1-A510-4092-AE5D-ECD9739598BD}.DLL Debug.ActiveCfg = DLL Debug|Win32
		{0EE278E1-A510-4092-AE5D-ECD9739598BD}.DLL Debug.Build.0 = DLL Debug|Win32
		{0EE278E1-A510-4092-AE5D-ECD9739598BD}.DLL Release.ActiveCfg = DLL Release|Win32
		{0EE278E1-A510-4092-AE5D-ECD9739598BD}.DLL Release.Build.0 = DLL Release|Win32
		{0EE278E1-A510-4092-AE5D-ECD9739598BD}.LIB ASM Debug.ActiveCfg = LIB ASM Debug|Win32
		{0EE278E1-A510-4092-AE5D-ECD9739598BD}.LIB ASM Debug.Build.0 = LIB ASM Debug|Win32
		{0EE278E1-A510-4092-AE5D-ECD9739598BD}.LIB ASM Release.ActiveCfg = LIB ASM Release|Win32
		{0EE278E1-A510-4092-AE5D-ECD9739598BD}.LIB ASM Release.Build.0 = LIB ASM Release|Win32
		{0EE278E1-A510-4092-AE5D-ECD9739598BD}.LIB Debug.ActiveCfg = LIB Debug|Win32
		{0EE278E1-A510-4092-AE5D-ECD9739598BD}.LIB Debug.Build.0 = LIB Debug|Win32
		{0EE278E1-A510-4092-AE5D-ECD9739598BD}.LIB Release.ActiveCfg = LIB Release|Win32
		{0EE278E1-A510-4092-AE5D-ECD9739598BD}.LIB Release.Build.0 = LIB Release|Win32
	EndGlobalSection
	GlobalSection(ExtensibilityGlobals) = postSolution
	EndGlobalSection
	GlobalSection(ExtensibilityAddIns) = postSolution
	EndGlobalSection
EndGlobal
